
Microsoft Visual Studio Solution File, Format Version 11.00
# Visual Studio 2010
# SharpDevelop 5.1
Project("{FAE04EC0-301F-11D3-BF4B-00C04F79EFBC}") = "CsvConvert", "CsvConvert\CsvConvert.csproj", "{06EAA1A6-EF96-49A9-B0C2-5F223D8C848D}"
EndProject
Global
	GlobalSection(SolutionConfigurationPlatforms) = preSolution
		Debug|Any CPU = Debug|Any CPU
		Release|Any CPU = Release|Any CPU
	EndGlobalSection
	GlobalSection(ProjectConfigurationPlatforms) = postSolution
		{06EAA1A6-EF96-49A9-B0C2-5F223D8C848D}.Debug|Any CPU.ActiveCfg = Debug|Any CPU
		{06EAA1A6-EF96-49A9-B0C2-5F223D8C848D}.Debug|Any CPU.Build.0 = Debug|Any CPU
		{06EAA1A6-EF96-49A9-B0C2-5F223D8C848D}.Release|Any CPU.ActiveCfg = Release|Any CPU
		{06EAA1A6-EF96-49A9-B0C2-5F223D8C848D}.Release|Any CPU.Build.0 = Release|Any CPU
	EndGlobalSection
EndGlobal
